
Microsoft Visual Studio Solution File, Format Version 12.00
# Visual Studio Version 16
VisualStudioVersion = 16.0.29728.190
MinimumVisualStudioVersion = 10.0.40219.1
Project("{FAE04EC0-301F-11D3-BF4B-00C04F79EFBC}") = "01 - ByteBank", "ByteBank\01 - ByteBank.csproj", "{FE7D1AB9-BB38-4E9C-B0E5-F7553F5282E7}"
EndProject
Project("{FAE04EC0-301F-11D3-BF4B-00C04F79EFBC}") = "02 - ByteBank", "02 - ByteBank\02 - ByteBank.csproj", "{2960396C-C17C-4F53-9ACE-B33D4DC3378C}"
EndProject
Project("{FAE04EC0-301F-11D3-BF4B-00C04F79EFBC}") = "03 - ByteBank", "03 - ByteBank\03 - ByteBank.csproj", "{7C2746E3-FE99-4E9E-AA6B-35CF96032723}"
EndProject
Project("{FAE04EC0-301F-11D3-BF4B-00C04F79EFBC}") = "04 - ByteBank", "04 - ByteBank\04 - ByteBank.csproj", "{52FF338D-8479-4F86-AB7C-3625BBE0A9E4}"
EndProject
Global
	GlobalSection(SolutionConfigurationPlatforms) = preSolution
		Debug|Any CPU = Debug|Any CPU
		Release|Any CPU = Release|Any CPU
	EndGlobalSection
	GlobalSection(ProjectConfigurationPlatforms) = postSolution
		{FE7D1AB9-BB38-4E9C-B0E5-F7553F5282E7}.Debug|Any CPU.ActiveCfg = Debug|Any CPU
		{FE7D1AB9-BB38-4E9C-B0E5-F7553F5282E7}.Debug|Any CPU.Build.0 = Debug|Any CPU
		{FE7D1AB9-BB38-4E9C-B0E5-F7553F5282E7}.Release|Any CPU.ActiveCfg = Release|Any CPU
		{FE7D1AB9-BB38-4E9C-B0E5-F7553F5282E7}.Release|Any CPU.Build.0 = Release|Any CPU
		{2960396C-C17C-4F53-9ACE-B33D4DC3378C}.Debug|Any CPU.ActiveCfg = Debug|Any CPU
		{2960396C-C17C-4F53-9ACE-B33D4DC3378C}.Debug|Any CPU.Build.0 = Debug|Any CPU
		{2960396C-C17C-4F53-9ACE-B33D4DC3378C}.Release|Any CPU.ActiveCfg = Release|Any CPU
		{2960396C-C17C-4F53-9ACE-B33D4DC3378C}.Release|Any CPU.Build.0 = Release|Any CPU
		{7C2746E3-FE99-4E9E-AA6B-35CF96032723}.Debug|Any CPU.ActiveCfg = Debug|Any CPU
		{7C2746E3-FE99-4E9E-AA6B-35CF96032723}.Debug|Any CPU.Build.0 = Debug|Any CPU
		{7C2746E3-FE99-4E9E-AA6B-35CF96032723}.Release|Any CPU.ActiveCfg = Release|Any CPU
		{7C2746E3-FE99-4E9E-AA6B-35CF96032723}.Release|Any CPU.Build.0 = Release|Any CPU
		{52FF338D-8479-4F86-AB7C-3625BBE0A9E4}.Debug|Any CPU.ActiveCfg = Debug|Any CPU
		{52FF338D-8479-4F86-AB7C-3625BBE0A9E4}.Debug|Any CPU.Build.0 = Debug|Any CPU
		{52FF338D-8479-4F86-AB7C-3625BBE0A9E4}.Release|Any CPU.ActiveCfg = Release|Any CPU
		{52FF338D-8479-4F86-AB7C-3625BBE0A9E4}.Release|Any CPU.Build.0 = Release|Any CPU
	EndGlobalSection
	GlobalSection(SolutionProperties) = preSolution
		HideSolutionNode = FALSE
	EndGlobalSection
	GlobalSection(ExtensibilityGlobals) = postSolution
		SolutionGuid = {13C9D9D4-04B6-4445-B538-377B6E066EF6}
	EndGlobalSection
EndGlobal
